// !$*UTF8*$!
{
	archiveVersion = 1;
	classes = {
	};
	objectVersion = 46;
	objects = {

/* Begin PBXBuildFile section */
		A73E128E19F99CA90066AF0B /* screenshot.png in Resources */ = {isa = PBXBuildFile; fileRef = A73E128D19F99CA90066AF0B /* screenshot.png */; };
		D28637B219EEF573003B99CB /* AppDelegate.swift in Sources */ = {isa = PBXBuildFile; fileRef = D28637B119EEF573003B99CB /* AppDelegate.swift */; };
		D28637B419EEF573003B99CB /* ViewController.swift in Sources */ = {isa = PBXBuildFile; fileRef = D28637B319EEF573003B99CB /* ViewController.swift */; };
		D28637B719EEF573003B99CB /* Main.storyboard in Resources */ = {isa = PBXBuildFile; fileRef = D28637B519EEF573003B99CB /* Main.storyboard */; };
		D28637B919EEF573003B99CB /* Images.xcassets in Resources */ = {isa = PBXBuildFile; fileRef = D28637B819EEF573003B99CB /* Images.xcassets */; };
		D28637BC19EEF573003B99CB /* LaunchScreen.xib in Resources */ = {isa = PBXBuildFile; fileRef = D28637BA19EEF573003B99CB /* LaunchScreen.xib */; };
		D28637C819EEF573003B99CB /* Swift_Pan_Rotate_Zoom_ImageViewTests.swift in Sources */ = {isa = PBXBuildFile; fileRef = D28637C719EEF573003B99CB /* Swift_Pan_Rotate_Zoom_ImageViewTests.swift */; };
		D28637D219EEF663003B99CB /* SOXPanRotateZoomImageView.swift in Sources */ = {isa = PBXBuildFile; fileRef = D28637D119EEF663003B99CB /* SOXPanRotateZoomImageView.swift */; };
/* End PBXBuildFile section */

/* Begin PBXContainerItemProxy section */
		D28637C219EEF573003B99CB /* PBXContainerItemProxy */ = {
			isa = PBXContainerItemProxy;
			containerPortal = D28637A419EEF573003B99CB /* Project object */;
			proxyType = 1;
			remoteGlobalIDString = D28637AB19EEF573003B99CB;
			remoteInfo = "Swift-Pan-Rotate-Zoom-ImageView";
		};
/* End PBXContainerItemProxy section */

/* Begin PBXFileReference section */
		A73E128D19F99CA90066AF0B /* screenshot.png */ = {isa = PBXFileReference; lastKnownFileType = image.png; path = screenshot.png; sourceTree = "<group>"; };
		D28637AC19EEF573003B99CB /* Swift-Pan-Rotate-Zoom-ImageView.app */ = {isa = PBXFileReference; explicitFileType = wrapper.application; includeInIndex = 0; path = "Swift-Pan-Rotate-Zoom-ImageView.app"; sourceTree = BUILT_PRODUCTS_DIR; };
		D28637B019EEF573003B99CB /* Info.plist */ = {isa = PBXFileReference; lastKnownFileType = text.plist.xml; path = Info.plist; sourceTree = "<group>"; };
		D28637B119EEF573003B99CB /* AppDelegate.swift */ = {isa = PBXFileReference; lastKnownFileType = sourcecode.swift; path = AppDelegate.swift; sourceTree = "<group>"; };
		D28637B319EEF573003B99CB /* ViewController.swift */ = {isa = PBXFileReference; lastKnownFileType = sourcecode.swift; path = ViewController.swift; sourceTree = "<group>"; };
		D28637B619EEF573003B99CB /* Base */ = {isa = PBXFileReference; lastKnownFileType = file.storyboard; name = Base; path = Base.lproj/Main.storyboard; sourceTree = "<group>"; };
		D28637B819EEF573003B99CB /* Images.xcassets */ = {isa = PBXFileReference; lastKnownFileType = folder.assetcatalog; path = Images.xcassets; sourceTree = "<group>"; };
		D28637BB19EEF573003B99CB /* Base */ = {isa = PBXFileReference; lastKnownFileType = file.xib; name = Base; path = Base.lproj/LaunchScreen.xib; sourceTree = "<group>"; };
		D28637C119EEF573003B99CB /* Swift-Pan-Rotate-Zoom-ImageViewTests.xctest */ = {isa = PBXFileReference; explicitFileType = wrapper.cfbundle; includeInIndex = 0; path = "Swift-Pan-Rotate-Zoom-ImageViewTests.xctest"; sourceTree = BUILT_PRODUCTS_DIR; };
		D28637C619EEF573003B99CB /* Info.plist */ = {isa = PBXFileReference; lastKnownFileType = text.plist.xml; path = Info.plist; sourceTree = "<group>"; };
		D28637C719EEF573003B99CB /* Swift_Pan_Rotate_Zoom_ImageViewTests.swift */ = {isa = PBXFileReference; lastKnownFileType = sourcecode.swift; path = Swift_Pan_Rotate_Zoom_ImageViewTests.swift; sourceTree = "<group>"; };
		D28637D119EEF663003B99CB /* SOXPanRotateZoomImageView.swift */ = {isa = PBXFileReference; fileEncoding = 4; lastKnownFileType = sourcecode.swift; path = SOXPanRotateZoomImageView.swift; sourceTree = "<group>"; };
/* End PBXFileReference section */

/* Begin PBXFrameworksBuildPhase section */
		D28637A919EEF573003B99CB /* Frameworks */ = {
			isa = PBXFrameworksBuildPhase;
			buildActionMask = 2147483647;
			files = (
			);
			runOnlyForDeploymentPostprocessing = 0;
		};
		D28637BE19EEF573003B99CB /* Frameworks */ = {
			isa = PBXFrameworksBuildPhase;
			buildActionMask = 2147483647;
			files = (
			);
			runOnlyForDeploymentPostprocessing = 0;
		};
/* End PBXFrameworksBuildPhase section */

/* Begin PBXGroup section */
		D28637A319EEF573003B99CB = {
			isa = PBXGroup;
			children = (
				D28637AE19EEF573003B99CB /* Swift-Pan-Rotate-Zoom-ImageView */,
				D28637C419EEF573003B99CB /* Swift-Pan-Rotate-Zoom-ImageViewTests */,
				D28637AD19EEF573003B99CB /* Products */,
			);
			sourceTree = "<group>";
		};
		D28637AD19EEF573003B99CB /* Products */ = {
			isa = PBXGroup;
			children = (
				D28637AC19EEF573003B99CB /* Swift-Pan-Rotate-Zoom-ImageView.app */,
				D28637C119EEF573003B99CB /* Swift-Pan-Rotate-Zoom-ImageViewTests.xctest */,
			);
			name = Products;
			sourceTree = "<group>";
		};
		D28637AE19EEF573003B99CB /* Swift-Pan-Rotate-Zoom-ImageView */ = {
			isa = PBXGroup;
			children = (
				D28637B119EEF573003B99CB /* AppDelegate.swift */,
				D28637B319EEF573003B99CB /* ViewController.swift */,
				D28637D119EEF663003B99CB /* SOXPanRotateZoomImageView.swift */,
				D28637B519EEF573003B99CB /* Main.storyboard */,
				D28637B819EEF573003B99CB /* Images.xcassets */,
				D28637BA19EEF573003B99CB /* LaunchScreen.xib */,
				A73E128D19F99CA90066AF0B /* screenshot.png */,
				D28637AF19EEF573003B99CB /* Supporting Files */,
			);
			path = "Swift-Pan-Rotate-Zoom-ImageView";
			sourceTree = "<group>";
		};
		D28637AF19EEF573003B99CB /* Supporting Files */ = {
			isa = PBXGroup;
			children = (
				D28637B019EEF573003B99CB /* Info.plist */,
			);
			name = "Supporting Files";
			sourceTree = "<group>";
		};
		D28637C419EEF573003B99CB /* Swift-Pan-Rotate-Zoom-ImageViewTests */ = {
			isa = PBXGroup;
			children = (
				D28637C719EEF573003B99CB /* Swift_Pan_Rotate_Zoom_ImageViewTests.swift */,
				D28637C519EEF573003B99CB /* Supporting Files */,
			);
			path = "Swift-Pan-Rotate-Zoom-ImageViewTests";
			sourceTree = "<group>";
		};
		D28637C519EEF573003B99CB /* Supporting Files */ = {
			isa = PBXGroup;
			children = (
				D28637C619EEF573003B99CB /* Info.plist */,
			);
			name = "Supporting Files";
			sourceTree = "<group>";
		};
/* End PBXGroup section */

/* Begin PBXNativeTarget section */
		D28637AB19EEF573003B99CB /* Swift-Pan-Rotate-Zoom-ImageView */ = {
			isa = PBXNativeTarget;
			buildConfigurationList = D28637CB19EEF573003B99CB /* Build configuration list for PBXNativeTarget "Swift-Pan-Rotate-Zoom-ImageView" */;
			buildPhases = (
				D28637A819EEF573003B99CB /* Sources */,
				D28637A919EEF573003B99CB /* Frameworks */,
				D28637AA19EEF573003B99CB /* Resources */,
			);
			buildRules = (
			);
			dependencies = (
			);
			name = "Swift-Pan-Rotate-Zoom-ImageView";
			productName = "Swift-Pan-Rotate-Zoom-ImageView";
			productReference = D28637AC19EEF573003B99CB /* Swift-Pan-Rotate-Zoom-ImageView.app */;
			productType = "com.apple.product-type.application";
		};
		D28637C019EEF573003B99CB /* Swift-Pan-Rotate-Zoom-ImageViewTests */ = {
			isa = PBXNativeTarget;
			buildConfigurationList = D28637CE19EEF573003B99CB /* Build configuration list for PBXNativeTarget "Swift-Pan-Rotate-Zoom-ImageViewTests" */;
			buildPhases = (
				D28637BD19EEF573003B99CB /* Sources */,
				D28637BE19EEF573003B99CB /* Frameworks */,
				D28637BF19EEF573003B99CB /* Resources */,
			);
			buildRules = (
			);
			dependencies = (
				D28637C319EEF573003B99CB /* PBXTargetDependency */,
			);
			name = "Swift-Pan-Rotate-Zoom-ImageViewTests";
			productName = "Swift-Pan-Rotate-Zoom-ImageViewTests";
			productReference = D28637C119EEF573003B99CB /* Swift-Pan-Rotate-Zoom-ImageViewTests.xctest */;
			productType = "com.apple.product-type.bundle.unit-test";
		};
/* End PBXNativeTarget section */

/* Begin PBXProject section */
		D28637A419EEF573003B99CB /* Project object */ = {
			isa = PBXProject;
			attributes = {
				LastUpgradeCheck = 0600;
				ORGANIZATIONNAME = spagosx;
				TargetAttributes = {
					D28637AB19EEF573003B99CB = {
						CreatedOnToolsVersion = 6.0;
					};
					D28637C019EEF573003B99CB = {
						CreatedOnToolsVersion = 6.0;
						TestTargetID = D28637AB19EEF573003B99CB;
					};
				};
			};
			buildConfigurationList = D28637A719EEF573003B99CB /* Build configuration list for PBXProject "Swift-Pan-Rotate-Zoom-ImageView" */;
			compatibilityVersion = "Xcode 3.2";
			developmentRegion = English;
			hasScannedForEncodings = 0;
			knownRegions = (
				en,
				Base,
			);
			mainGroup = D28637A319EEF573003B99CB;
			productRefGroup = D28637AD19EEF573003B99CB /* Products */;
			projectDirPath = "";
			projectRoot = "";
			targets = (
				D28637AB19EEF573003B99CB /* Swift-Pan-Rotate-Zoom-ImageView */,
				D28637C019EEF573003B99CB /* Swift-Pan-Rotate-Zoom-ImageViewTests */,
			);
		};
/* End PBXProject section */

/* Begin PBXResourcesBuildPhase section */
		D28637AA19EEF573003B99CB /* Resources */ = {
			isa = PBXResourcesBuildPhase;
			buildActionMask = 2147483647;
			files = (
				D28637B719EEF573003B99CB /* Main.storyboard in Resources */,
				D28637BC19EEF573003B99CB /* LaunchScreen.xib in Resources */,
				D28637B919EEF573003B99CB /* Images.xcassets in Resources */,
				A73E128E19F99CA90066AF0B /* screenshot.png in Resources */,
			);
			runOnlyForDeploymentPostprocessing = 0;
		};
		D28637BF19EEF573003B99CB /* Resources */ = {
			isa = PBXResourcesBuildPhase;
			buildActionMask = 2147483647;
			files = (
			);
			runOnlyForDeploymentPostprocessing = 0;
		};
/* End PBXResourcesBuildPhase section */

/* Begin PBXSourcesBuildPhase section */
		D28637A819EEF573003B99CB /* Sources */ = {
			isa = PBXSourcesBuildPhase;
			buildActionMask = 2147483647;
			files = (
				D28637B419EEF573003B99CB /* ViewController.swift in Sources */,
				D28637D219EEF663003B99CB /* SOXPanRotateZoomImageView.swift in Sources */,
				D28637B219EEF573003B99CB /* AppDelegate.swift in Sources */,
			);
			runOnlyForDeploymentPostprocessing = 0;
		};
		D28637BD19EEF573003B99CB /* Sources */ = {
			isa = PBXSourcesBuildPhase;
			buildActionMask = 2147483647;
			files = (
				D28637C819EEF573003B99CB /* Swift_Pan_Rotate_Zoom_ImageViewTests.swift in Sources */,
			);
			runOnlyForDeploymentPostprocessing = 0;
		};
/* End PBXSourcesBuildPhase section */

/* Begin PBXTargetDependency section */
		D28637C319EEF573003B99CB /* PBXTargetDependency */ = {
			isa = PBXTargetDependency;
			target = D28637AB19EEF573003B99CB /* Swift-Pan-Rotate-Zoom-ImageView */;
			targetProxy = D28637C219EEF573003B99CB /* PBXContainerItemProxy */;
		};
/* End PBXTargetDependency section */

/* Begin PBXVariantGroup section */
		D28637B519EEF573003B99CB /* Main.storyboard */ = {
			isa = PBXVariantGroup;
			children = (
				D28637B619EEF573003B99CB /* Base */,
			);
			name = Main.storyboard;
			sourceTree = "<group>";
		};
		D28637BA19EEF573003B99CB /* LaunchScreen.xib */ = {
			isa = PBXVariantGroup;
			children = (
				D28637BB19EEF573003B99CB /* Base */,
			);
			name = LaunchScreen.xib;
			sourceTree = "<group>";
		};
/* End PBXVariantGroup section */

/* Begin XCBuildConfiguration section */
		D28637C919EEF573003B99CB /* Debug */ = {
			isa = XCBuildConfiguration;
			buildSettings = {
				ALWAYS_SEARCH_USER_PATHS = NO;
				CLANG_CXX_LANGUAGE_STANDARD = "gnu++0x";
				CLANG_CXX_LIBRARY = "libc++";
				CLANG_ENABLE_MODULES = YES;
				CLANG_ENABLE_OBJC_ARC = YES;
				CLANG_WARN_BOOL_CONVERSION = YES;
				CLANG_WARN_CONSTANT_CONVERSION = YES;
				CLANG_WARN_DIRECT_OBJC_ISA_USAGE = YES_ERROR;
				CLANG_WARN_EMPTY_BODY = YES;
				CLANG_WARN_ENUM_CONVERSION = YES;
				CLANG_WARN_INT_CONVERSION = YES;
				CLANG_WARN_OBJC_ROOT_CLASS = YES_ERROR;
				CLANG_WARN_UNREACHABLE_CODE = YES;
				CLANG_WARN__DUPLICATE_METHOD_MATCH = YES;
				"CODE_SIGN_IDENTITY[sdk=iphoneos*]" = "iPhone Developer";
				COPY_PHASE_STRIP = NO;
				ENABLE_STRICT_OBJC_MSGSEND = YES;
				GCC_C_LANGUAGE_STANDARD = gnu99;
				GCC_DYNAMIC_NO_PIC = NO;
				GCC_OPTIMIZATION_LEVEL = 0;
				GCC_PREPROCESSOR_DEFINITIONS = (
					"DEBUG=1",
					"$(inherited)",
				);
				GCC_SYMBOLS_PRIVATE_EXTERN = NO;
				GCC_WARN_64_TO_32_BIT_CONVERSION = YES;
				GCC_WARN_ABOUT_RETURN_TYPE = YES_ERROR;
				GCC_WARN_UNDECLARED_SELECTOR = YES;
				GCC_WARN_UNINITIALIZED_AUTOS = YES_AGGRESSIVE;
				GCC_WARN_UNUSED_FUNCTION = YES;
				GCC_WARN_UNUSED_VARIABLE = YES;
				IPHONEOS_DEPLOYMENT_TARGET = 8.0;
				MTL_ENABLE_DEBUG_INFO = YES;
				ONLY_ACTIVE_ARCH = YES;
				SDKROOT = iphoneos;
				SWIFT_OPTIMIZATION_LEVEL = "-Onone";
				SWIFT_VERSION = 4.2;
			};
			name = Debug;
		};
		D28637CA19EEF573003B99CB /* Release */ = {
			isa = XCBuildConfiguration;
			buildSettings = {
				ALWAYS_SEARCH_USER_PATHS = NO;
				CLANG_CXX_LANGUAGE_STANDARD = "gnu++0x";
				CLANG_CXX_LIBRARY = "libc++";
				CLANG_ENABLE_MODULES = YES;
				CLANG_ENABLE_OBJC_ARC = YES;
				CLANG_WARN_BOOL_CONVERSION = YES;
				CLANG_WARN_CONSTANT_CONVERSION = YES;
				CLANG_WARN_DIRECT_OBJC_ISA_USAGE = YES_ERROR;
				CLANG_WARN_EMPTY_BODY = YES;
				CLANG_WARN_ENUM_CONVERSION = YES;
				CLANG_WARN_INT_CONVERSION = YES;
				CLANG_WARN_OBJC_ROOT_CLASS = YES_ERROR;
				CLANG_WARN_UNREACHABLE_CODE = YES;
				CLANG_WARN__DUPLICATE_METHOD_MATCH = YES;
				"CODE_SIGN_IDENTITY[sdk=iphoneos*]" = "iPhone Developer";
				COPY_PHASE_STRIP = YES;
				ENABLE_NS_ASSERTIONS = NO;
				ENABLE_STRICT_OBJC_MSGSEND = YES;
				GCC_C_LANGUAGE_STANDARD = gnu99;
				GCC_WARN_64_TO_32_BIT_CONVERSION = YES;
				GCC_WARN_ABOUT_RETURN_TYPE = YES_ERROR;
				GCC_WARN_UNDECLARED_SELECTOR = YES;
				GCC_WARN_UNINITIALIZED_AUTOS = YES_AGGRESSIVE;
				GCC_WARN_UNUSED_FUNCTION = YES;
				GCC_WARN_UNUSED_VARIABLE = YES;
				IPHONEOS_DEPLOYMENT_TARGET = 8.0;
				MTL_ENABLE_DEBUG_INFO = NO;
				SDKROOT = iphoneos;
				SWIFT_VERSION = 4.2;
				VALIDATE_PRODUCT = YES;
			};
			name = Release;
		};
		D28637CC19EEF573003B99CB /* Debug */ = {
			isa = XCBuildConfiguration;
			buildSettings = {
				ASSETCATALOG_COMPILER_APPICON_NAME = AppIcon;
				INFOPLIST_FILE = "Swift-Pan-Rotate-Zoom-ImageView/Info.plist";
				LD_RUNPATH_SEARCH_PATHS = "$(inherited) @executable_path/Frameworks";
				PRODUCT_NAME = "$(TARGET_NAME)";
			};
			name = Debug;
		};
		D28637CD19EEF573003B99CB /* Release */ = {
			isa = XCBuildConfiguration;
			buildSettings = {
				ASSETCATALOG_COMPILER_APPICON_NAME = AppIcon;
				INFOPLIST_FILE = "Swift-Pan-Rotate-Zoom-ImageView/Info.plist";
				LD_RUNPATH_SEARCH_PATHS = "$(inherited) @executable_path/Frameworks";
				PRODUCT_NAME = "$(TARGET_NAME)";
			};
			name = Release;
		};
		D28637CF19EEF573003B99CB /* Debug */ = {
			isa = XCBuildConfiguration;
			buildSettings = {
				BUNDLE_LOADER = "$(TEST_HOST)";
				FRAMEWORK_SEARCH_PATHS = (
					"$(SDKROOT)/Developer/Library/Frameworks",
					"$(inherited)",
				);
				GCC_PREPROCESSOR_DEFINITIONS = (
					"DEBUG=1",
					"$(inherited)",
				);
				INFOPLIST_FILE = "Swift-Pan-Rotate-Zoom-ImageViewTests/Info.plist";
				LD_RUNPATH_SEARCH_PATHS = "$(inherited) @executable_path/Frameworks @loader_path/Frameworks";
				PRODUCT_NAME = "$(TARGET_NAME)";
				TEST_HOST = "$(BUILT_PRODUCTS_DIR)/Swift-Pan-Rotate-Zoom-ImageView.app/Swift-Pan-Rotate-Zoom-ImageView";
			};
			name = Debug;
		};
		D28637D019EEF573003B99CB /* Release */ = {
			isa = XCBuildConfiguration;
			buildSettings = {
				BUNDLE_LOADER = "$(TEST_HOST)";
				FRAMEWORK_SEARCH_PATHS = (
					"$(SDKROOT)/Developer/Library/Frameworks",
					"$(inherited)",
				);
				INFOPLIST_FILE = "Swift-Pan-Rotate-Zoom-ImageViewTests/Info.plist";
				LD_RUNPATH_SEARCH_PATHS = "$(inherited) @executable_path/Frameworks @loader_path/Frameworks";
				PRODUCT_NAME = "$(TARGET_NAME)";
				TEST_HOST = "$(BUILT_PRODUCTS_DIR)/Swift-Pan-Rotate-Zoom-ImageView.app/Swift-Pan-Rotate-Zoom-ImageView";
			};
			name = Release;
		};
/* End XCBuildConfiguration section */

/* Begin XCConfigurationList section */
		D28637A719EEF573003B99CB /* Build configuration list for PBXProject "Swift-Pan-Rotate-Zoom-ImageView" */ = {
			isa = XCConfigurationList;
			buildConfigurations = (
				D28637C919EEF573003B99CB /* Debug */,
				D28637CA19EEF573003B99CB /* Release */,
			);
			defaultConfigurationIsVisible = 0;
			defaultConfigurationName = Release;
		};
		D28637CB19EEF573003B99CB /* Build configuration list for PBXNativeTarget "Swift-Pan-Rotate-Zoom-ImageView" */ = {
			isa = XCConfigurationList;
			buildConfigurations = (
				D28637CC19EEF573003B99CB /* Debug */,
				D28637CD19EEF573003B99CB /* Release */,
			);
			defaultConfigurationIsVisible = 0;
			defaultConfigurationName = Release;
		};
		D28637CE19EEF573003B99CB /* Build configuration list for PBXNativeTarget "Swift-Pan-Rotate-Zoom-ImageViewTests" */ = {
			isa = XCConfigurationList;
			buildConfigurations = (
				D28637CF19EEF573003B99CB /* Debug */,
				D28637D019EEF573003B99CB /* Release */,
			);
			defaultConfigurationIsVisible = 0;
			defaultConfigurationName = Release;
		};
/* End XCConfigurationList section */
	};
	rootObject = D28637A419EEF573003B99CB /* Project object */;
}
